
Microsoft Visual Studio Solution File, Format Version 12.00
# Visual Studio 15
VisualStudioVersion = 15.0.26730.15
MinimumVisualStudioVersion = 10.0.40219.1
Project("{FAE04EC0-301F-11D3-BF4B-00C04F79EFBC}") = "AppWeather", "AppWeather\AppWeather.csproj", "{9217AABE-3C47-4796-A989-AF5C74061CFF}"
EndProject
Global
	GlobalSection(SolutionConfigurationPlatforms) = preSolution
		Debug|Any CPU = Debug|Any CPU
		Release|Any CPU = Release|Any CPU
	EndGlobalSection
	GlobalSection(ProjectConfigurationPlatforms) = postSolution
		{9217AABE-3C47-4796-A989-AF5C74061CFF}.Debug|Any CPU.ActiveCfg = Debug|Any CPU
		{9217AABE-3C47-4796-A989-AF5C74061CFF}.Debug|Any CPU.Build.0 = Debug|Any CPU
		{9217AABE-3C47-4796-A989-AF5C74061CFF}.Release|Any CPU.ActiveCfg = Release|Any CPU
		{9217AABE-3C47-4796-A989-AF5C74061CFF}.Release|Any CPU.Build.0 = Release|Any CPU
	EndGlobalSection
	GlobalSection(SolutionProperties) = preSolution
		HideSolutionNode = FALSE
	EndGlobalSection
	GlobalSection(ExtensibilityGlobals) = postSolution
		SolutionGuid = {24D61883-F339-457E-ADE2-94E89ABE956C}
	EndGlobalSection
EndGlobal
